// !$*UTF8*$!
{
	archiveVersion = 1;
	classes = {
	};
	objectVersion = 51;
	objects = {

/* Begin PBXBuildFile section */
		A50DFF2624B85CEA002C0E46 /* CustomCalanderCell.swift in Sources */ = {isa = PBXBuildFile; fileRef = A50DFF2524B85CEA002C0E46 /* CustomCalanderCell.swift */; };
		A5433C2024B5F74100469B01 /* CalendarController.swift in Sources */ = {isa = PBXBuildFile; fileRef = A5433C1F24B5F74100469B01 /* CalendarController.swift */; };
		A5A2670424BC499A00A65191 /* NotificationCenter.framework in Frameworks */ = {isa = PBXBuildFile; fileRef = A5A2670324BC499A00A65191 /* NotificationCenter.framework */; };
		A5A2670724BC499A00A65191 /* TodayViewController.swift in Sources */ = {isa = PBXBuildFile; fileRef = A5A2670624BC499A00A65191 /* TodayViewController.swift */; };
		A5A2670A24BC499A00A65191 /* MainInterface.storyboard in Resources */ = {isa = PBXBuildFile; fileRef = A5A2670824BC499A00A65191 /* MainInterface.storyboard */; };
		A5A2670E24BC499A00A65191 /* extention.appex in Embed App Extensions */ = {isa = PBXBuildFile; fileRef = A5A2670224BC499A00A65191 /* extention.appex */; settings = {ATTRIBUTES = (RemoveHeadersOnCopy, ); }; };
		A5A8EEAD24BC31970034BAEF /* Properties.swift in Sources */ = {isa = PBXBuildFile; fileRef = A5A8EEAC24BC31970034BAEF /* Properties.swift */; };
		A5E443F724B52D2400C911F9 /* AppDelegate.swift in Sources */ = {isa = PBXBuildFile; fileRef = A5E443F624B52D2400C911F9 /* AppDelegate.swift */; };
		A5E443F924B52D2400C911F9 /* SceneDelegate.swift in Sources */ = {isa = PBXBuildFile; fileRef = A5E443F824B52D2400C911F9 /* SceneDelegate.swift */; };
		A5E443FB24B52D2400C911F9 /* ViewController.swift in Sources */ = {isa = PBXBuildFile; fileRef = A5E443FA24B52D2400C911F9 /* ViewController.swift */; };
		A5E443FE24B52D2400C911F9 /* Main.storyboard in Resources */ = {isa = PBXBuildFile; fileRef = A5E443FC24B52D2400C911F9 /* Main.storyboard */; };
		A5E4440024B52D2600C911F9 /* Assets.xcassets in Resources */ = {isa = PBXBuildFile; fileRef = A5E443FF24B52D2600C911F9 /* Assets.xcassets */; };
		A5E4440324B52D2600C911F9 /* LaunchScreen.storyboard in Resources */ = {isa = PBXBuildFile; fileRef = A5E4440124B52D2600C911F9 /* LaunchScreen.storyboard */; };
		A6729F87F4DD6AF6F2AA717B /* Pods_calenderApp.framework in Frameworks */ = {isa = PBXBuildFile; fileRef = 2CA7A03F7692073D7D1B5702 /* Pods_calenderApp.framework */; };
/* End PBXBuildFile section */

/* Begin PBXContainerItemProxy section */
		A5A2670C24BC499A00A65191 /* PBXContainerItemProxy */ = {
			isa = PBXContainerItemProxy;
			containerPortal = A5E443EB24B52D2400C911F9 /* Project object */;
			proxyType = 1;
			remoteGlobalIDString = A5A2670124BC499A00A65191;
			remoteInfo = extention;
		};
/* End PBXContainerItemProxy section */

/* Begin PBXCopyFilesBuildPhase section */
		A5A2670F24BC499A00A65191 /* Embed App Extensions */ = {
			isa = PBXCopyFilesBuildPhase;
			buildActionMask = 2147483647;
			dstPath = "";
			dstSubfolderSpec = 13;
			files = (
				A5A2670E24BC499A00A65191 /* extention.appex in Embed App Extensions */,
			);
			name = "Embed App Extensions";
			runOnlyForDeploymentPostprocessing = 0;
		};
/* End PBXCopyFilesBuildPhase section */

/* Begin PBXFileReference section */
		2CA7A03F7692073D7D1B5702 /* Pods_calenderApp.framework */ = {isa = PBXFileReference; explicitFileType = wrapper.framework; includeInIndex = 0; path = Pods_calenderApp.framework; sourceTree = BUILT_PRODUCTS_DIR; };
		8755C0C64927DA655CAE3873 /* Pods-calenderApp.debug.xcconfig */ = {isa = PBXFileReference; includeInIndex = 1; lastKnownFileType = text.xcconfig; name = "Pods-calenderApp.debug.xcconfig"; path = "Target Support Files/Pods-calenderApp/Pods-calenderApp.debug.xcconfig"; sourceTree = "<group>"; };
		A50DFF2524B85CEA002C0E46 /* CustomCalanderCell.swift */ = {isa = PBXFileReference; fileEncoding = 4; lastKnownFileType = sourcecode.swift; path = CustomCalanderCell.swift; sourceTree = "<group>"; };
		A5433C1F24B5F74100469B01 /* CalendarController.swift */ = {isa = PBXFileReference; lastKnownFileType = sourcecode.swift; path = CalendarController.swift; sourceTree = "<group>"; };
		A5A2670224BC499A00A65191 /* extention.appex */ = {isa = PBXFileReference; explicitFileType = "wrapper.app-extension"; includeInIndex = 0; path = extention.appex; sourceTree = BUILT_PRODUCTS_DIR; };
		A5A2670324BC499A00A65191 /* NotificationCenter.framework */ = {isa = PBXFileReference; lastKnownFileType = wrapper.framework; name = NotificationCenter.framework; path = System/Library/Frameworks/NotificationCenter.framework; sourceTree = SDKROOT; };
		A5A2670624BC499A00A65191 /* TodayViewController.swift */ = {isa = PBXFileReference; lastKnownFileType = sourcecode.swift; path = TodayViewController.swift; sourceTree = "<group>"; };
		A5A2670924BC499A00A65191 /* Base */ = {isa = PBXFileReference; lastKnownFileType = file.storyboard; name = Base; path = Base.lproj/MainInterface.storyboard; sourceTree = "<group>"; };
		A5A2670B24BC499A00A65191 /* Info.plist */ = {isa = PBXFileReference; lastKnownFileType = text.plist.xml; path = Info.plist; sourceTree = "<group>"; };
		A5A2671324BC4A4700A65191 /* calenderApp.entitlements */ = {isa = PBXFileReference; lastKnownFileType = text.plist.entitlements; path = calenderApp.entitlements; sourceTree = "<group>"; };
		A5A2671424BC4A8000A65191 /* extention.entitlements */ = {isa = PBXFileReference; lastKnownFileType = text.plist.entitlements; path = extention.entitlements; sourceTree = "<group>"; };
		A5A8EEAC24BC31970034BAEF /* Properties.swift */ = {isa = PBXFileReference; lastKnownFileType = sourcecode.swift; path = Properties.swift; sourceTree = "<group>"; };
		A5E443F324B52D2400C911F9 /* calenderApp.app */ = {isa = PBXFileReference; explicitFileType = wrapper.application; includeInIndex = 0; path = calenderApp.app; sourceTree = BUILT_PRODUCTS_DIR; };
		A5E443F624B52D2400C911F9 /* AppDelegate.swift */ = {isa = PBXFileReference; lastKnownFileType = sourcecode.swift; path = AppDelegate.swift; sourceTree = "<group>"; };
		A5E443F824B52D2400C911F9 /* SceneDelegate.swift */ = {isa = PBXFileReference; lastKnownFileType = sourcecode.swift; path = SceneDelegate.swift; sourceTree = "<group>"; };
		A5E443FA24B52D2400C911F9 /* ViewController.swift */ = {isa = PBXFileReference; lastKnownFileType = sourcecode.swift; path = ViewController.swift; sourceTree = "<group>"; };
		A5E443FD24B52D2400C911F9 /* Base */ = {isa = PBXFileReference; lastKnownFileType = file.storyboard; name = Base; path = Base.lproj/Main.storyboard; sourceTree = "<group>"; };
		A5E443FF24B52D2600C911F9 /* Assets.xcassets */ = {isa = PBXFileReference; lastKnownFileType = folder.assetcatalog; path = Assets.xcassets; sourceTree = "<group>"; };
		A5E4440224B52D2600C911F9 /* Base */ = {isa = PBXFileReference; lastKnownFileType = file.storyboard; name = Base; path = Base.lproj/LaunchScreen.storyboard; sourceTree = "<group>"; };
		A5E4440424B52D2600C911F9 /* Info.plist */ = {isa = PBXFileReference; lastKnownFileType = text.plist.xml; path = Info.plist; sourceTree = "<group>"; };
		C9299ED8E6777D61F98F2626 /* Pods-calenderApp.release.xcconfig */ = {isa = PBXFileReference; includeInIndex = 1; lastKnownFileType = text.xcconfig; name = "Pods-calenderApp.release.xcconfig"; path = "Target Support Files/Pods-calenderApp/Pods-calenderApp.release.xcconfig"; sourceTree = "<group>"; };
/* End PBXFileReference section */

/* Begin PBXFrameworksBuildPhase section */
		A5A266FF24BC499A00A65191 /* Frameworks */ = {
			isa = PBXFrameworksBuildPhase;
			buildActionMask = 2147483647;
			files = (
				A5A2670424BC499A00A65191 /* NotificationCenter.framework in Frameworks */,
			);
			runOnlyForDeploymentPostprocessing = 0;
		};
		A5E443F024B52D2400C911F9 /* Frameworks */ = {
			isa = PBXFrameworksBuildPhase;
			buildActionMask = 2147483647;
			files = (
				A6729F87F4DD6AF6F2AA717B /* Pods_calenderApp.framework in Frameworks */,
			);
			runOnlyForDeploymentPostprocessing = 0;
		};
/* End PBXFrameworksBuildPhase section */

/* Begin PBXGroup section */
		465330C76392ADFEA4BF68E4 /* Frameworks */ = {
			isa = PBXGroup;
			children = (
				2CA7A03F7692073D7D1B5702 /* Pods_calenderApp.framework */,
				A5A2670324BC499A00A65191 /* NotificationCenter.framework */,
			);
			name = Frameworks;
			sourceTree = "<group>";
		};
		46E2408E3E7F478219F4F07A /* Pods */ = {
			isa = PBXGroup;
			children = (
				8755C0C64927DA655CAE3873 /* Pods-calenderApp.debug.xcconfig */,
				C9299ED8E6777D61F98F2626 /* Pods-calenderApp.release.xcconfig */,
			);
			path = Pods;
			sourceTree = "<group>";
		};
		A5A2670524BC499A00A65191 /* extention */ = {
			isa = PBXGroup;
			children = (
				A5A2671424BC4A8000A65191 /* extention.entitlements */,
				A5A2670624BC499A00A65191 /* TodayViewController.swift */,
				A5A2670824BC499A00A65191 /* MainInterface.storyboard */,
				A5A2670B24BC499A00A65191 /* Info.plist */,
			);
			path = extention;
			sourceTree = "<group>";
		};
		A5E443EA24B52D2400C911F9 = {
			isa = PBXGroup;
			children = (
				A5E443F524B52D2400C911F9 /* calenderApp */,
				A5A2670524BC499A00A65191 /* extention */,
				A5E443F424B52D2400C911F9 /* Products */,
				46E2408E3E7F478219F4F07A /* Pods */,
				465330C76392ADFEA4BF68E4 /* Frameworks */,
			);
			sourceTree = "<group>";
		};
		A5E443F424B52D2400C911F9 /* Products */ = {
			isa = PBXGroup;
			children = (
				A5E443F324B52D2400C911F9 /* calenderApp.app */,
				A5A2670224BC499A00A65191 /* extention.appex */,
			);
			name = Products;
			sourceTree = "<group>";
		};
		A5E443F524B52D2400C911F9 /* calenderApp */ = {
			isa = PBXGroup;
			children = (
				A5A2671324BC4A4700A65191 /* calenderApp.entitlements */,
				A5E443F624B52D2400C911F9 /* AppDelegate.swift */,
				A5E443F824B52D2400C911F9 /* SceneDelegate.swift */,
				A5E443FA24B52D2400C911F9 /* ViewController.swift */,
				A5433C1F24B5F74100469B01 /* CalendarController.swift */,
				A5E443FC24B52D2400C911F9 /* Main.storyboard */,
				A5E443FF24B52D2600C911F9 /* Assets.xcassets */,
				A50DFF2524B85CEA002C0E46 /* CustomCalanderCell.swift */,
				A5E4440124B52D2600C911F9 /* LaunchScreen.storyboard */,
				A5A8EEAC24BC31970034BAEF /* Properties.swift */,
				A5E4440424B52D2600C911F9 /* Info.plist */,
			);
			path = calenderApp;
			sourceTree = "<group>";
		};
/* End PBXGroup section */

/* Begin PBXNativeTarget section */
		A5A2670124BC499A00A65191 /* extention */ = {
			isa = PBXNativeTarget;
			buildConfigurationList = A5A2671224BC499A00A65191 /* Build configuration list for PBXNativeTarget "extention" */;
			buildPhases = (
				A5A266FE24BC499A00A65191 /* Sources */,
				A5A266FF24BC499A00A65191 /* Frameworks */,
				A5A2670024BC499A00A65191 /* Resources */,
			);
			buildRules = (
			);
			dependencies = (
			);
			name = extention;
			productName = extention;
			productReference = A5A2670224BC499A00A65191 /* extention.appex */;
			productType = "com.apple.product-type.app-extension";
		};
		A5E443F224B52D2400C911F9 /* calenderApp */ = {
			isa = PBXNativeTarget;
			buildConfigurationList = A5E4440724B52D2600C911F9 /* Build configuration list for PBXNativeTarget "calenderApp" */;
			buildPhases = (
				543F63363AF17F51477119B0 /* [CP] Check Pods Manifest.lock */,
				A5E443EF24B52D2400C911F9 /* Sources */,
				A5E443F024B52D2400C911F9 /* Frameworks */,
				A5E443F124B52D2400C911F9 /* Resources */,
				BE62609BF3308F21E7E62AD3 /* [CP] Embed Pods Frameworks */,
				A5A2670F24BC499A00A65191 /* Embed App Extensions */,
			);
			buildRules = (
			);
			dependencies = (
				A5A2670D24BC499A00A65191 /* PBXTargetDependency */,
			);
			name = calenderApp;
			productName = calenderApp;
			productReference = A5E443F324B52D2400C911F9 /* calenderApp.app */;
			productType = "com.apple.product-type.application";
		};
/* End PBXNativeTarget section */

/* Begin PBXProject section */
		A5E443EB24B52D2400C911F9 /* Project object */ = {
			isa = PBXProject;
			attributes = {
				LastSwiftUpdateCheck = 1140;
				LastUpgradeCheck = 1140;
				ORGANIZATIONNAME = "Jawaher Alaggl";
				TargetAttributes = {
					A5A2670124BC499A00A65191 = {
						CreatedOnToolsVersion = 11.4;
					};
					A5E443F224B52D2400C911F9 = {
						CreatedOnToolsVersion = 11.4;
					};
				};
			};
			buildConfigurationList = A5E443EE24B52D2400C911F9 /* Build configuration list for PBXProject "calenderApp" */;
			compatibilityVersion = "Xcode 9.3";
			developmentRegion = en;
			hasScannedForEncodings = 0;
			knownRegions = (
				en,
				Base,
			);
			mainGroup = A5E443EA24B52D2400C911F9;
			productRefGroup = A5E443F424B52D2400C911F9 /* Products */;
			projectDirPath = "";
			projectRoot = "";
			targets = (
				A5E443F224B52D2400C911F9 /* calenderApp */,
				A5A2670124BC499A00A65191 /* extention */,
			);
		};
/* End PBXProject section */

/* Begin PBXResourcesBuildPhase section */
		A5A2670024BC499A00A65191 /* Resources */ = {
			isa = PBXResourcesBuildPhase;
			buildActionMask = 2147483647;
			files = (
				A5A2670A24BC499A00A65191 /* MainInterface.storyboard in Resources */,
			);
			runOnlyForDeploymentPostprocessing = 0;
		};
		A5E443F124B52D2400C911F9 /* Resources */ = {
			isa = PBXResourcesBuildPhase;
			buildActionMask = 2147483647;
			files = (
				A5E4440324B52D2600C911F9 /* LaunchScreen.storyboard in Resources */,
				A5E4440024B52D2600C911F9 /* Assets.xcassets in Resources */,
				A5E443FE24B52D2400C911F9 /* Main.storyboard in Resources */,
			);
			runOnlyForDeploymentPostprocessing = 0;
		};
/* End PBXResourcesBuildPhase section */

/* Begin PBXShellScriptBuildPhase section */
		543F63363AF17F51477119B0 /* [CP] Check Pods Manifest.lock */ = {
			isa = PBXShellScriptBuildPhase;
			buildActionMask = 2147483647;
			files = (
			);
			inputFileListPaths = (
			);
			inputPaths = (
				"${PODS_PODFILE_DIR_PATH}/Podfile.lock",
				"${PODS_ROOT}/Manifest.lock",
			);
			name = "[CP] Check Pods Manifest.lock";
			outputFileListPaths = (
			);
			outputPaths = (
				"$(DERIVED_FILE_DIR)/Pods-calenderApp-checkManifestLockResult.txt",
			);
			runOnlyForDeploymentPostprocessing = 0;
			shellPath = /bin/sh;
			shellScript = "diff \"${PODS_PODFILE_DIR_PATH}/Podfile.lock\" \"${PODS_ROOT}/Manifest.lock\" > /dev/null\nif [ $? != 0 ] ; then\n    # print error to STDERR\n    echo \"error: The sandbox is not in sync with the Podfile.lock. Run 'pod install' or update your CocoaPods installation.\" >&2\n    exit 1\nfi\n# This output is used by Xcode 'outputs' to avoid re-running this script phase.\necho \"SUCCESS\" > \"${SCRIPT_OUTPUT_FILE_0}\"\n";
			showEnvVarsInLog = 0;
		};
		BE62609BF3308F21E7E62AD3 /* [CP] Embed Pods Frameworks */ = {
			isa = PBXShellScriptBuildPhase;
			buildActionMask = 2147483647;
			files = (
			);
			inputFileListPaths = (
				"${PODS_ROOT}/Target Support Files/Pods-calenderApp/Pods-calenderApp-frameworks-${CONFIGURATION}-input-files.xcfilelist",
			);
			name = "[CP] Embed Pods Frameworks";
			outputFileListPaths = (
				"${PODS_ROOT}/Target Support Files/Pods-calenderApp/Pods-calenderApp-frameworks-${CONFIGURATION}-output-files.xcfilelist",
			);
			runOnlyForDeploymentPostprocessing = 0;
			shellPath = /bin/sh;
			shellScript = "\"${PODS_ROOT}/Target Support Files/Pods-calenderApp/Pods-calenderApp-frameworks.sh\"\n";
			showEnvVarsInLog = 0;
		};
/* End PBXShellScriptBuildPhase section */

/* Begin PBXSourcesBuildPhase section */
		A5A266FE24BC499A00A65191 /* Sources */ = {
			isa = PBXSourcesBuildPhase;
			buildActionMask = 2147483647;
			files = (
				A5A2670724BC499A00A65191 /* TodayViewController.swift in Sources */,
			);
			runOnlyForDeploymentPostprocessing = 0;
		};
		A5E443EF24B52D2400C911F9 /* Sources */ = {
			isa = PBXSourcesBuildPhase;
			buildActionMask = 2147483647;
			files = (
				A5A8EEAD24BC31970034BAEF /* Properties.swift in Sources */,
				A50DFF2624B85CEA002C0E46 /* CustomCalanderCell.swift in Sources */,
				A5E443FB24B52D2400C911F9 /* ViewController.swift in Sources */,
				A5433C2024B5F74100469B01 /* CalendarController.swift in Sources */,
				A5E443F724B52D2400C911F9 /* AppDelegate.swift in Sources */,
				A5E443F924B52D2400C911F9 /* SceneDelegate.swift in Sources */,
			);
			runOnlyForDeploymentPostprocessing = 0;
		};
/* End PBXSourcesBuildPhase section */

/* Begin PBXTargetDependency section */
		A5A2670D24BC499A00A65191 /* PBXTargetDependency */ = {
			isa = PBXTargetDependency;
			target = A5A2670124BC499A00A65191 /* extention */;
			targetProxy = A5A2670C24BC499A00A65191 /* PBXContainerItemProxy */;
		};
/* End PBXTargetDependency section */

/* Begin PBXVariantGroup section */
		A5A2670824BC499A00A65191 /* MainInterface.storyboard */ = {
			isa = PBXVariantGroup;
			children = (
				A5A2670924BC499A00A65191 /* Base */,
			);
			name = MainInterface.storyboard;
			sourceTree = "<group>";
		};
		A5E443FC24B52D2400C911F9 /* Main.storyboard */ = {
			isa = PBXVariantGroup;
			children = (
				A5E443FD24B52D2400C911F9 /* Base */,
			);
			name = Main.storyboard;
			sourceTree = "<group>";
		};
		A5E4440124B52D2600C911F9 /* LaunchScreen.storyboard */ = {
			isa = PBXVariantGroup;
			children = (
				A5E4440224B52D2600C911F9 /* Base */,
			);
			name = LaunchScreen.storyboard;
			sourceTree = "<group>";
		};
/* End PBXVariantGroup section */

/* Begin XCBuildConfiguration section */
		A5A2671024BC499A00A65191 /* Debug */ = {
			isa = XCBuildConfiguration;
			buildSettings = {
				CODE_SIGN_ENTITLEMENTS = extention/extention.entitlements;
				CODE_SIGN_STYLE = Automatic;
				DEVELOPMENT_TEAM = 6W4MA25Y33;
				INFOPLIST_FILE = extention/Info.plist;
				LD_RUNPATH_SEARCH_PATHS = (
					"$(inherited)",
					"@executable_path/Frameworks",
					"@executable_path/../../Frameworks",
				);
				PRODUCT_BUNDLE_IDENTIFIER = com.jaDanRA.calenderApp.extention;
				PRODUCT_NAME = "$(TARGET_NAME)";
				SKIP_INSTALL = YES;
				SWIFT_VERSION = 5.0;
				TARGETED_DEVICE_FAMILY = "1,2";
			};
			name = Debug;
		};
		A5A2671124BC499A00A65191 /* Release */ = {
			isa = XCBuildConfiguration;
			buildSettings = {
				CODE_SIGN_ENTITLEMENTS = extention/extention.entitlements;
				CODE_SIGN_STYLE = Automatic;
				DEVELOPMENT_TEAM = 6W4MA25Y33;
				INFOPLIST_FILE = extention/Info.plist;
				LD_RUNPATH_SEARCH_PATHS = (
					"$(inherited)",
					"@executable_path/Frameworks",
					"@executable_path/../../Frameworks",
				);
				PRODUCT_BUNDLE_IDENTIFIER = com.jaDanRA.calenderApp.extention;
				PRODUCT_NAME = "$(TARGET_NAME)";
				SKIP_INSTALL = YES;
				SWIFT_VERSION = 5.0;
				TARGETED_DEVICE_FAMILY = "1,2";
			};
			name = Release;
		};
		A5E4440524B52D2600C911F9 /* Debug */ = {
			isa = XCBuildConfiguration;
			buildSettings = {
				ALWAYS_SEARCH_USER_PATHS = NO;
				CLANG_ANALYZER_NONNULL = YES;
				CLANG_ANALYZER_NUMBER_OBJECT_CONVERSION = YES_AGGRESSIVE;
				CLANG_CXX_LANGUAGE_STANDARD = "gnu++14";
				CLANG_CXX_LIBRARY = "libc++";
				CLANG_ENABLE_MODULES = YES;
				CLANG_ENABLE_OBJC_ARC = YES;
				CLANG_ENABLE_OBJC_WEAK = YES;
				CLANG_WARN_BLOCK_CAPTURE_AUTORELEASING = YES;
				CLANG_WARN_BOOL_CONVERSION = YES;
				CLANG_WARN_COMMA = YES;
				CLANG_WARN_CONSTANT_CONVERSION = YES;
				CLANG_WARN_DEPRECATED_OBJC_IMPLEMENTATIONS = YES;
				CLANG_WARN_DIRECT_OBJC_ISA_USAGE = YES_ERROR;
				CLANG_WARN_DOCUMENTATION_COMMENTS = YES;
				CLANG_WARN_EMPTY_BODY = YES;
				CLANG_WARN_ENUM_CONVERSION = YES;
				CLANG_WARN_INFINITE_RECURSION = YES;
				CLANG_WARN_INT_CONVERSION = YES;
				CLANG_WARN_NON_LITERAL_NULL_CONVERSION = YES;
				CLANG_WARN_OBJC_IMPLICIT_RETAIN_SELF = YES;
				CLANG_WARN_OBJC_LITERAL_CONVERSION = YES;
				CLANG_WARN_OBJC_ROOT_CLASS = YES_ERROR;
				CLANG_WARN_RANGE_LOOP_ANALYSIS = YES;
				CLANG_WARN_STRICT_PROTOTYPES = YES;
				CLANG_WARN_SUSPICIOUS_MOVE = YES;
				CLANG_WARN_UNGUARDED_AVAILABILITY = YES_AGGRESSIVE;
				CLANG_WARN_UNREACHABLE_CODE = YES;
				CLANG_WARN__DUPLICATE_METHOD_MATCH = YES;
				COPY_PHASE_STRIP = NO;
				DEBUG_INFORMATION_FORMAT = dwarf;
				ENABLE_STRICT_OBJC_MSGSEND = YES;
				ENABLE_TESTABILITY = YES;
				GCC_C_LANGUAGE_STANDARD = gnu11;
				GCC_DYNAMIC_NO_PIC = NO;
				GCC_NO_COMMON_BLOCKS = YES;
				GCC_OPTIMIZATION_LEVEL = 0;
				GCC_PREPROCESSOR_DEFINITIONS = (
					"DEBUG=1",
					"$(inherited)",
				);
				GCC_WARN_64_TO_32_BIT_CONVERSION = YES;
				GCC_WARN_ABOUT_RETURN_TYPE = YES_ERROR;
				GCC_WARN_UNDECLARED_SELECTOR = YES;
				GCC_WARN_UNINITIALIZED_AUTOS = YES_AGGRESSIVE;
				GCC_WARN_UNUSED_FUNCTION = YES;
				GCC_WARN_UNUSED_VARIABLE = YES;
				IPHONEOS_DEPLOYMENT_TARGET = 13.4;
				MTL_ENABLE_DEBUG_INFO = INCLUDE_SOURCE;
				MTL_FAST_MATH = YES;
				ONLY_ACTIVE_ARCH = YES;
				SDKROOT = iphoneos;
				SWIFT_ACTIVE_COMPILATION_CONDITIONS = DEBUG;
				SWIFT_OPTIMIZATION_LEVEL = "-Onone";
			};
			name = Debug;
		};
		A5E4440624B52D2600C911F9 /* Release */ = {
			isa = XCBuildConfiguration;
			buildSettings = {
				ALWAYS_SEARCH_USER_PATHS = NO;
				CLANG_ANALYZER_NONNULL = YES;
				CLANG_ANALYZER_NUMBER_OBJECT_CONVERSION = YES_AGGRESSIVE;
				CLANG_CXX_LANGUAGE_STANDARD = "gnu++14";
				CLANG_CXX_LIBRARY = "libc++";
				CLANG_ENABLE_MODULES = YES;
				CLANG_ENABLE_OBJC_ARC = YES;
				CLANG_ENABLE_OBJC_WEAK = YES;
				CLANG_WARN_BLOCK_CAPTURE_AUTORELEASING = YES;
				CLANG_WARN_BOOL_CONVERSION = YES;
				CLANG_WARN_COMMA = YES;
				CLANG_WARN_CONSTANT_CONVERSION = YES;
				CLANG_WARN_DEPRECATED_OBJC_IMPLEMENTATIONS = YES;
				CLANG_WARN_DIRECT_OBJC_ISA_USAGE = YES_ERROR;
				CLANG_WARN_DOCUMENTATION_COMMENTS = YES;
				CLANG_WARN_EMPTY_BODY = YES;
				CLANG_WARN_ENUM_CONVERSION = YES;
				CLANG_WARN_INFINITE_RECURSION = YES;
				CLANG_WARN_INT_CONVERSION = YES;
				CLANG_WARN_NON_LITERAL_NULL_CONVERSION = YES;
				CLANG_WARN_OBJC_IMPLICIT_RETAIN_SELF = YES;
				CLANG_WARN_OBJC_LITERAL_CONVERSION = YES;
				CLANG_WARN_OBJC_ROOT_CLASS = YES_ERROR;
				CLANG_WARN_RANGE_LOOP_ANALYSIS = YES;
				CLANG_WARN_STRICT_PROTOTYPES = YES;
				CLANG_WARN_SUSPICIOUS_MOVE = YES;
				CLANG_WARN_UNGUARDED_AVAILABILITY = YES_AGGRESSIVE;
				CLANG_WARN_UNREACHABLE_CODE = YES;
				CLANG_WARN__DUPLICATE_METHOD_MATCH = YES;
				COPY_PHASE_STRIP = NO;
				DEBUG_INFORMATION_FORMAT = "dwarf-with-dsym";
				ENABLE_NS_ASSERTIONS = NO;
				ENABLE_STRICT_OBJC_MSGSEND = YES;
				GCC_C_LANGUAGE_STANDARD = gnu11;
				GCC_NO_COMMON_BLOCKS = YES;
				GCC_WARN_64_TO_32_BIT_CONVERSION = YES;
				GCC_WARN_ABOUT_RETURN_TYPE = YES_ERROR;
				GCC_WARN_UNDECLARED_SELECTOR = YES;
				GCC_WARN_UNINITIALIZED_AUTOS = YES_AGGRESSIVE;
				GCC_WARN_UNUSED_FUNCTION = YES;
				GCC_WARN_UNUSED_VARIABLE = YES;
				IPHONEOS_DEPLOYMENT_TARGET = 13.4;
				MTL_ENABLE_DEBUG_INFO = NO;
				MTL_FAST_MATH = YES;
				SDKROOT = iphoneos;
				SWIFT_COMPILATION_MODE = wholemodule;
				SWIFT_OPTIMIZATION_LEVEL = "-O";
				VALIDATE_PRODUCT = YES;
			};
			name = Release;
		};
		A5E4440824B52D2600C911F9 /* Debug */ = {
			isa = XCBuildConfiguration;
			baseConfigurationReference = 8755C0C64927DA655CAE3873 /* Pods-calenderApp.debug.xcconfig */;
			buildSettings = {
				ALWAYS_EMBED_SWIFT_STANDARD_LIBRARIES = YES;
				ASSETCATALOG_COMPILER_APPICON_NAME = AppIcon;
				CODE_SIGN_ENTITLEMENTS = calenderApp/calenderApp.entitlements;
				CODE_SIGN_STYLE = Automatic;
				DEVELOPMENT_TEAM = 6W4MA25Y33;
				INFOPLIST_FILE = calenderApp/Info.plist;
				LD_RUNPATH_SEARCH_PATHS = (
					"$(inherited)",
					"@executable_path/Frameworks",
				);
				PRODUCT_BUNDLE_IDENTIFIER = com.jaDanRA.calenderApp;
				PRODUCT_NAME = "$(TARGET_NAME)";
				SWIFT_VERSION = 5.0;
				TARGETED_DEVICE_FAMILY = "1,2";
			};
			name = Debug;
		};
		A5E4440924B52D2600C911F9 /* Release */ = {
			isa = XCBuildConfiguration;
			baseConfigurationReference = C9299ED8E6777D61F98F2626 /* Pods-calenderApp.release.xcconfig */;
			buildSettings = {
				ALWAYS_EMBED_SWIFT_STANDARD_LIBRARIES = YES;
				ASSETCATALOG_COMPILER_APPICON_NAME = AppIcon;
				CODE_SIGN_ENTITLEMENTS = calenderApp/calenderApp.entitlements;
				CODE_SIGN_STYLE = Automatic;
				DEVELOPMENT_TEAM = 6W4MA25Y33;
				INFOPLIST_FILE = calenderApp/Info.plist;
				LD_RUNPATH_SEARCH_PATHS = (
					"$(inherited)",
					"@executable_path/Frameworks",
				);
				PRODUCT_BUNDLE_IDENTIFIER = com.jaDanRA.calenderApp;
				PRODUCT_NAME = "$(TARGET_NAME)";
				SWIFT_VERSION = 5.0;
				TARGETED_DEVICE_FAMILY = "1,2";
			};
			name = Release;
		};
/* End XCBuildConfiguration section */

/* Begin XCConfigurationList section */
		A5A2671224BC499A00A65191 /* Build configuration list for PBXNativeTarget "extention" */ = {
			isa = XCConfigurationList;
			buildConfigurations = (
				A5A2671024BC499A00A65191 /* Debug */,
				A5A2671124BC499A00A65191 /* Release */,
			);
			defaultConfigurationIsVisible = 0;
			defaultConfigurationName = Release;
		};
		A5E443EE24B52D2400C911F9 /* Build configuration list for PBXProject "calenderApp" */ = {
			isa = XCConfigurationList;
			buildConfigurations = (
				A5E4440524B52D2600C911F9 /* Debug */,
				A5E4440624B52D2600C911F9 /* Release */,
			);
			defaultConfigurationIsVisible = 0;
			defaultConfigurationName = Release;
		};
		A5E4440724B52D2600C911F9 /* Build configuration list for PBXNativeTarget "calenderApp" */ = {
			isa = XCConfigurationList;
			buildConfigurations = (
				A5E4440824B52D2600C911F9 /* Debug */,
				A5E4440924B52D2600C911F9 /* Release */,
			);
			defaultConfigurationIsVisible = 0;
			defaultConfigurationName = Release;
		};
/* End XCConfigurationList section */
	};
	rootObject = A5E443EB24B52D2400C911F9 /* Project object */;
}
